
Microsoft Visual Studio Solution File, Format Version 11.00
# Visual Studio 2010
Project("{FAE04EC0-301F-11D3-BF4B-00C04F79EFBC}") = "Chapter10.Silverlight", "Chapter10.Silverlight\Chapter10.Silverlight.csproj", "{FBC5F971-26EE-4C11-A0E1-3A92E036BDA6}"
EndProject
Project("{FAE04EC0-301F-11D3-BF4B-00C04F79EFBC}") = "Chapter10.SharePoint", "Chapter10.SharePoint\Chapter10.SharePoint.csproj", "{E453D3EC-2712-45B8-BEB1-A13822099ED6}"
	ProjectSection(ProjectDependencies) = postProject
		{FBC5F971-26EE-4C11-A0E1-3A92E036BDA6} = {FBC5F971-26EE-4C11-A0E1-3A92E036BDA6}
	EndProjectSection
EndProject
Global
	GlobalSection(SolutionConfigurationPlatforms) = preSolution
		Debug|Any CPU = Debug|Any CPU
		Release|Any CPU = Release|Any CPU
	EndGlobalSection
	GlobalSection(ProjectConfigurationPlatforms) = postSolution
		{FBC5F971-26EE-4C11-A0E1-3A92E036BDA6}.Debug|Any CPU.ActiveCfg = Debug|Any CPU
		{FBC5F971-26EE-4C11-A0E1-3A92E036BDA6}.Debug|Any CPU.Build.0 = Debug|Any CPU
		{FBC5F971-26EE-4C11-A0E1-3A92E036BDA6}.Release|Any CPU.ActiveCfg = Release|Any CPU
		{FBC5F971-26EE-4C11-A0E1-3A92E036BDA6}.Release|Any CPU.Build.0 = Release|Any CPU
		{E453D3EC-2712-45B8-BEB1-A13822099ED6}.Debug|Any CPU.ActiveCfg = Debug|Any CPU
		{E453D3EC-2712-45B8-BEB1-A13822099ED6}.Debug|Any CPU.Build.0 = Debug|Any CPU
		{E453D3EC-2712-45B8-BEB1-A13822099ED6}.Debug|Any CPU.Deploy.0 = Debug|Any CPU
		{E453D3EC-2712-45B8-BEB1-A13822099ED6}.Release|Any CPU.ActiveCfg = Release|Any CPU
		{E453D3EC-2712-45B8-BEB1-A13822099ED6}.Release|Any CPU.Build.0 = Release|Any CPU
		{E453D3EC-2712-45B8-BEB1-A13822099ED6}.Release|Any CPU.Deploy.0 = Release|Any CPU
	EndGlobalSection
	GlobalSection(SolutionProperties) = preSolution
		HideSolutionNode = FALSE
	EndGlobalSection
EndGlobal
